
Microsoft Visual Studio Solution File, Format Version 12.00
# Visual Studio Version 16
VisualStudioVersion = 16.0.31005.135
MinimumVisualStudioVersion = 10.0.40219.1
Project("{FAE04EC0-301F-11D3-BF4B-00C04F79EFBC}") = "Strings", "Strings\Strings.csproj", "{15C1E73B-188B-4828-AB8B-CA1B06C1D735}"
EndProject
Global
	GlobalSection(SolutionConfigurationPlatforms) = preSolution
		Debug|Any CPU = Debug|Any CPU
		Release|Any CPU = Release|Any CPU
	EndGlobalSection
	GlobalSection(ProjectConfigurationPlatforms) = postSolution
		{15C1E73B-188B-4828-AB8B-CA1B06C1D735}.Debug|Any CPU.ActiveCfg = Debug|Any CPU
		{15C1E73B-188B-4828-AB8B-CA1B06C1D735}.Debug|Any CPU.Build.0 = Debug|Any CPU
		{15C1E73B-188B-4828-AB8B-CA1B06C1D735}.Release|Any CPU.ActiveCfg = Release|Any CPU
		{15C1E73B-188B-4828-AB8B-CA1B06C1D735}.Release|Any CPU.Build.0 = Release|Any CPU
	EndGlobalSection
	GlobalSection(SolutionProperties) = preSolution
		HideSolutionNode = FALSE
	EndGlobalSection
	GlobalSection(ExtensibilityGlobals) = postSolution
		SolutionGuid = {AD22142E-0102-4991-BE83-7AC36DE355E4}
	EndGlobalSection
EndGlobal
