
Microsoft Visual Studio Solution File, Format Version 12.00
# Visual Studio Version 16
VisualStudioVersion = 16.0.31005.135
MinimumVisualStudioVersion = 10.0.40219.1
Project("{FAE04EC0-301F-11D3-BF4B-00C04F79EFBC}") = "RefTypes_ValTypes", "RefTypes_ValTypes\RefTypes_ValTypes.csproj", "{8893665A-7520-46B3-A502-FB439C56018A}"
EndProject
Global
	GlobalSection(SolutionConfigurationPlatforms) = preSolution
		Debug|Any CPU = Debug|Any CPU
		Release|Any CPU = Release|Any CPU
	EndGlobalSection
	GlobalSection(ProjectConfigurationPlatforms) = postSolution
		{8893665A-7520-46B3-A502-FB439C56018A}.Debug|Any CPU.ActiveCfg = Debug|Any CPU
		{8893665A-7520-46B3-A502-FB439C56018A}.Debug|Any CPU.Build.0 = Debug|Any CPU
		{8893665A-7520-46B3-A502-FB439C56018A}.Release|Any CPU.ActiveCfg = Release|Any CPU
		{8893665A-7520-46B3-A502-FB439C56018A}.Release|Any CPU.Build.0 = Release|Any CPU
	EndGlobalSection
	GlobalSection(SolutionProperties) = preSolution
		HideSolutionNode = FALSE
	EndGlobalSection
	GlobalSection(ExtensibilityGlobals) = postSolution
		SolutionGuid = {2CBFE147-AF95-47A1-A7F0-D341C0C44EF9}
	EndGlobalSection
EndGlobal
