
Microsoft Visual Studio Solution File, Format Version 12.00
# Visual Studio Version 16
VisualStudioVersion = 16.0.31005.135
MinimumVisualStudioVersion = 10.0.40219.1
Project("{FAE04EC0-301F-11D3-BF4B-00C04F79EFBC}") = "Loop", "Loop\Loop.csproj", "{55C43E04-10F1-4AA4-ABDE-B4BB671B6775}"
EndProject
Global
	GlobalSection(SolutionConfigurationPlatforms) = preSolution
		Debug|Any CPU = Debug|Any CPU
		Release|Any CPU = Release|Any CPU
	EndGlobalSection
	GlobalSection(ProjectConfigurationPlatforms) = postSolution
		{55C43E04-10F1-4AA4-ABDE-B4BB671B6775}.Debug|Any CPU.ActiveCfg = Debug|Any CPU
		{55C43E04-10F1-4AA4-ABDE-B4BB671B6775}.Debug|Any CPU.Build.0 = Debug|Any CPU
		{55C43E04-10F1-4AA4-ABDE-B4BB671B6775}.Release|Any CPU.ActiveCfg = Release|Any CPU
		{55C43E04-10F1-4AA4-ABDE-B4BB671B6775}.Release|Any CPU.Build.0 = Release|Any CPU
	EndGlobalSection
	GlobalSection(SolutionProperties) = preSolution
		HideSolutionNode = FALSE
	EndGlobalSection
	GlobalSection(ExtensibilityGlobals) = postSolution
		SolutionGuid = {8C3F8CE8-D319-4900-98D6-E3CA276DC1FD}
	EndGlobalSection
EndGlobal
