
Microsoft Visual Studio Solution File, Format Version 12.00
# Visual Studio Version 16
VisualStudioVersion = 16.0.31005.135
MinimumVisualStudioVersion = 10.0.40219.1
Project("{FAE04EC0-301F-11D3-BF4B-00C04F79EFBC}") = "Enums", "Enums\Enums.csproj", "{42A349FA-9784-4975-A127-26455C7FC7A0}"
EndProject
Global
	GlobalSection(SolutionConfigurationPlatforms) = preSolution
		Debug|Any CPU = Debug|Any CPU
		Release|Any CPU = Release|Any CPU
	EndGlobalSection
	GlobalSection(ProjectConfigurationPlatforms) = postSolution
		{42A349FA-9784-4975-A127-26455C7FC7A0}.Debug|Any CPU.ActiveCfg = Debug|Any CPU
		{42A349FA-9784-4975-A127-26455C7FC7A0}.Debug|Any CPU.Build.0 = Debug|Any CPU
		{42A349FA-9784-4975-A127-26455C7FC7A0}.Release|Any CPU.ActiveCfg = Release|Any CPU
		{42A349FA-9784-4975-A127-26455C7FC7A0}.Release|Any CPU.Build.0 = Release|Any CPU
	EndGlobalSection
	GlobalSection(SolutionProperties) = preSolution
		HideSolutionNode = FALSE
	EndGlobalSection
	GlobalSection(ExtensibilityGlobals) = postSolution
		SolutionGuid = {83B8D6F7-DBF8-4BBA-9D91-07BE438C04D7}
	EndGlobalSection
EndGlobal
